<Solution>
  <Project Path="PLTour.Admin/PLTour.Admin/PLTour.Admin.csproj" />
  <Project Path="PLTour.API/PLTour.API.csproj" />
  <Project Path="PLTour.App/PLTour.App.csproj" Id="98df5a35-e916-44a0-a215-3ad08e54a903" />
  <Project Path="PLTour.Shared/PLTour.Shared.csproj" Id="fe195d69-3446-4923-99d8-ec024af189ae" />
</Solution>
