<Solution>
  <Project Path="PLTour.Admin/PLTour.Admin.csproj" />
  <Project Path="PLTour.API/PLTour.API.csproj" />
  <Project Path="PLTour.App/PLTour.App.csproj" />
  <Project Path="PLTour.Shared/PLTour.Shared.csproj" Id="fe195d69-3446-4923-99d8-ec024af189ae" />
<<<<<<< HEAD
  <Project Path="PLTour.Vendor/PLTour.Vendor.csproj" />
<Project Path="PLTourApp/PLTourApp.csproj" Id="dd6fbc7a-3422-4721-ba28-0ecc2a661d20">
    <Deploy Solution="Debug|*" />
  </Project>
=======
>>>>>>> 80fc395b9bd5f4656bd9ca8608bf1c20fb416d99
</Solution>
